
Microsoft Visual Studio Solution File, Format Version 12.00
# Visual Studio Version 16
VisualStudioVersion = 16.0.810.21
MinimumVisualStudioVersion = 10.0.40219.1
Project("{FAE04EC0-301F-11D3-BF4B-00C04F79EFBC}") = "DraculaTextAdventure", "DraculaTextAdventure\DraculaTextAdventure.csproj", "{C610885F-1334-460F-91D3-E15640B3145B}"
EndProject
Global
	GlobalSection(SolutionConfigurationPlatforms) = preSolution
		Debug|Any CPU = Debug|Any CPU
		Release|Any CPU = Release|Any CPU
	EndGlobalSection
	GlobalSection(ProjectConfigurationPlatforms) = postSolution
		{C610885F-1334-460F-91D3-E15640B3145B}.Debug|Any CPU.ActiveCfg = Debug|Any CPU
		{C610885F-1334-460F-91D3-E15640B3145B}.Debug|Any CPU.Build.0 = Debug|Any CPU
		{C610885F-1334-460F-91D3-E15640B3145B}.Release|Any CPU.ActiveCfg = Release|Any CPU
		{C610885F-1334-460F-91D3-E15640B3145B}.Release|Any CPU.Build.0 = Release|Any CPU
	EndGlobalSection
	GlobalSection(SolutionProperties) = preSolution
		HideSolutionNode = FALSE
	EndGlobalSection
	GlobalSection(ExtensibilityGlobals) = postSolution
		SolutionGuid = {B2ABB848-F899-444F-927C-DB6C1C507731}
	EndGlobalSection
EndGlobal
